
Microsoft Visual Studio Solution File, Format Version 12.00
# Visual Studio Version 17
VisualStudioVersion = 17.10.35013.160
MinimumVisualStudioVersion = 10.0.40219.1
Project("{FAE04EC0-301F-11D3-BF4B-00C04F79EFBC}") = "DoAnChuyenNganh.Server", "DoAnChuyenNganh.Server\DoAnChuyenNganh.Server.csproj", "{D98890D0-29DB-4FA0-A5D1-33CA708B5784}"
EndProject
Project("{54A90642-561A-4BB1-A94E-469ADEE60C69}") = "doanchuyennganh.client", "doanchuyennganh.client\doanchuyennganh.client.esproj", "{AC32CCE0-645B-46A6-B48D-3C62A9947F0F}"
EndProject
Global
	GlobalSection(SolutionConfigurationPlatforms) = preSolution
		Debug|Any CPU = Debug|Any CPU
		Release|Any CPU = Release|Any CPU
	EndGlobalSection
	GlobalSection(ProjectConfigurationPlatforms) = postSolution
		{D98890D0-29DB-4FA0-A5D1-33CA708B5784}.Debug|Any CPU.ActiveCfg = Debug|Any CPU
		{D98890D0-29DB-4FA0-A5D1-33CA708B5784}.Debug|Any CPU.Build.0 = Debug|Any CPU
		{D98890D0-29DB-4FA0-A5D1-33CA708B5784}.Release|Any CPU.ActiveCfg = Release|Any CPU
		{D98890D0-29DB-4FA0-A5D1-33CA708B5784}.Release|Any CPU.Build.0 = Release|Any CPU
		{AC32CCE0-645B-46A6-B48D-3C62A9947F0F}.Debug|Any CPU.ActiveCfg = Debug|Any CPU
		{AC32CCE0-645B-46A6-B48D-3C62A9947F0F}.Debug|Any CPU.Build.0 = Debug|Any CPU
		{AC32CCE0-645B-46A6-B48D-3C62A9947F0F}.Debug|Any CPU.Deploy.0 = Debug|Any CPU
		{AC32CCE0-645B-46A6-B48D-3C62A9947F0F}.Release|Any CPU.ActiveCfg = Release|Any CPU
		{AC32CCE0-645B-46A6-B48D-3C62A9947F0F}.Release|Any CPU.Build.0 = Release|Any CPU
		{AC32CCE0-645B-46A6-B48D-3C62A9947F0F}.Release|Any CPU.Deploy.0 = Release|Any CPU
	EndGlobalSection
	GlobalSection(SolutionProperties) = preSolution
		HideSolutionNode = FALSE
	EndGlobalSection
	GlobalSection(ExtensibilityGlobals) = postSolution
		SolutionGuid = {3F27AB9E-2120-4958-9EE9-52FAAC685421}
	EndGlobalSection
EndGlobal
